<?xml version="1.0" encoding="utf-8"?>
<Project ToolsVersion="4.0" xmlns="http://schemas.microsoft.com/developer/msbuild/2003">
  <ItemGroup>
    <MASM Include="P_0_Plantilla.asm" />
    <MASM Include="P_2_IntroOpArit.asm" />
    <MASM Include="P_1_TransferenciaDatos.asm" />
    <MASM Include="P_3_EscrituraEnPantalla_.asm" />
    <MASM Include="P_4_LeerDatosConsola.asm" />
    <MASM Include="P_5_ImprimeCadenaEnConsola.asm" />
    <MASM Include="P_6_Op_SUB_.asm" />
    <MASM Include="P_7_Multiplicacion_.asm" />
    <MASM Include="P_8_Division_.asm" />
    <MASM Include="P_9_EcuacionLinealRecta.asm" />
    <MASM Include="P_10_Promedio5Numeros.asm" />
    <MASM Include="P_11_AreaRectangulo.asm" />
    <MASM Include="P_12_IntroSaltosIncondicionales.asm" />
    <MASM Include="P_13_SaltosCondicionales.asm" />
    <MASM Include="P_14_NumeroPar.asm" />
    <MASM Include="P_15_ImprimirSerie_.asm" />
    <MASM Include="P_16_Xala_Y_.asm" />
    <MASM Include="P_17_Checar2Num_.asm" />
    <MASM Include="P_18_LeerHastaNegativos.asm" />
    <MASM Include="P_19_IntroPila.asm" />
    <MASM Include="P_20_CiclosAnidados1.asm" />
    <MASM Include="P_21_TablaMultiplicar.asm" />
    <MASM Include="P_22_MultiplicarConPila_.asm" />
    <MASM Include="E_4_SumaHastaNegativo_.asm" />
    <MASM Include="E_5_Numeros_.asm" />
    <MASM Include="E_6_Terrenos.asm" />
    <MASM Include="E_8_Sueldo.asm" />
    <MASM Include="E_9_Edad.asm" />
    <MASM Include="E_11_Pintor.asm" />
    <MASM Include="E_12_Autobus.asm" />
    <MASM Include="E_13_Conagua.asm" />
    <MASM Include="E_14_CLS.asm" />
    <MASM Include="E_10_Estacionamiento.asm" />
    <MASM Include="E_16_Fibonacci.asm" />
    <MASM Include="E_17_Pares.asm" />
    <MASM Include="E_19_Porcentaje.asm" />
    <MASM Include="P_24_CiclosAnidados.asm" />
    <MASM Include="P_25_NumeroPrimo_.asm" />
    <MASM Include="Proyecto_TablaMutplicar_.asm" />
    <MASM Include="E_15_Factorial_.asm" />
    <MASM Include="E_18_Discriminante_.asm" />
  </ItemGroup>
  <ItemGroup>
    <Object Include="..\..\..\..\..\..\Irvine\Lib32\Irvine32_Library\Irvine32.obj" />
  </ItemGroup>
  <ItemGroup>
    <None Include="P_23_ContarNumeroPositivos_.ams" />
  </ItemGroup>
</Project>